// !$*UTF8*$!
{
	archiveVersion = 1;
	classes = {
	};
	objectVersion = 56;
	objects = {

/* Begin PBXBuildFile section */
		E0E1E1562AE37DCA00FBD292 /* Apple_KitsApp.swift in Sources */ = {isa = PBXBuildFile; fileRef = E0E1E1552AE37DCA00FBD292 /* Apple_KitsApp.swift */; };
		E0E1E15A2AE37DCB00FBD292 /* Assets.xcassets in Resources */ = {isa = PBXBuildFile; fileRef = E0E1E1592AE37DCB00FBD292 /* Assets.xcassets */; };
		E0E1E15D2AE37DCB00FBD292 /* Preview Assets.xcassets in Resources */ = {isa = PBXBuildFile; fileRef = E0E1E15C2AE37DCB00FBD292 /* Preview Assets.xcassets */; };
		E0E1E1642AE3829900FBD292 /* Framework.swift in Sources */ = {isa = PBXBuildFile; fileRef = E0E1E1632AE3829900FBD292 /* Framework.swift */; };
		E0E1E1682AE384D300FBD292 /* FrameworkGridView.swift in Sources */ = {isa = PBXBuildFile; fileRef = E0E1E1672AE384D300FBD292 /* FrameworkGridView.swift */; };
		E0E1E16C2AE38BF100FBD292 /* FrameworkDetailView.swift in Sources */ = {isa = PBXBuildFile; fileRef = E0E1E16B2AE38BF100FBD292 /* FrameworkDetailView.swift */; };
		E0E1E16E2AE38E0000FBD292 /* AFButton.swift in Sources */ = {isa = PBXBuildFile; fileRef = E0E1E16D2AE38E0000FBD292 /* AFButton.swift */; };
		E0E1E1702AE3916F00FBD292 /* FrameworkGridViewModel.swift in Sources */ = {isa = PBXBuildFile; fileRef = E0E1E16F2AE3916F00FBD292 /* FrameworkGridViewModel.swift */; };
/* End PBXBuildFile section */

/* Begin PBXFileReference section */
		E0E1E1522AE37DCA00FBD292 /* Apple Kits.app */ = {isa = PBXFileReference; explicitFileType = wrapper.application; includeInIndex = 0; path = "Apple Kits.app"; sourceTree = BUILT_PRODUCTS_DIR; };
		E0E1E1552AE37DCA00FBD292 /* Apple_KitsApp.swift */ = {isa = PBXFileReference; lastKnownFileType = sourcecode.swift; path = Apple_KitsApp.swift; sourceTree = "<group>"; };
		E0E1E1592AE37DCB00FBD292 /* Assets.xcassets */ = {isa = PBXFileReference; lastKnownFileType = folder.assetcatalog; path = Assets.xcassets; sourceTree = "<group>"; };
		E0E1E15C2AE37DCB00FBD292 /* Preview Assets.xcassets */ = {isa = PBXFileReference; lastKnownFileType = folder.assetcatalog; path = "Preview Assets.xcassets"; sourceTree = "<group>"; };
		E0E1E1632AE3829900FBD292 /* Framework.swift */ = {isa = PBXFileReference; lastKnownFileType = sourcecode.swift; path = Framework.swift; sourceTree = "<group>"; };
		E0E1E1672AE384D300FBD292 /* FrameworkGridView.swift */ = {isa = PBXFileReference; lastKnownFileType = sourcecode.swift; path = FrameworkGridView.swift; sourceTree = "<group>"; };
		E0E1E16B2AE38BF100FBD292 /* FrameworkDetailView.swift */ = {isa = PBXFileReference; lastKnownFileType = sourcecode.swift; path = FrameworkDetailView.swift; sourceTree = "<group>"; };
		E0E1E16D2AE38E0000FBD292 /* AFButton.swift */ = {isa = PBXFileReference; lastKnownFileType = sourcecode.swift; path = AFButton.swift; sourceTree = "<group>"; };
		E0E1E16F2AE3916F00FBD292 /* FrameworkGridViewModel.swift */ = {isa = PBXFileReference; lastKnownFileType = sourcecode.swift; path = FrameworkGridViewModel.swift; sourceTree = "<group>"; };
/* End PBXFileReference section */

/* Begin PBXFrameworksBuildPhase section */
		E0E1E14F2AE37DCA00FBD292 /* Frameworks */ = {
			isa = PBXFrameworksBuildPhase;
			buildActionMask = 2147483647;
			files = (
			);
			runOnlyForDeploymentPostprocessing = 0;
		};
/* End PBXFrameworksBuildPhase section */

/* Begin PBXGroup section */
		E0E1E1492AE37DCA00FBD292 = {
			isa = PBXGroup;
			children = (
				E0E1E1542AE37DCA00FBD292 /* Apple Kits */,
				E0E1E1532AE37DCA00FBD292 /* Products */,
			);
			sourceTree = "<group>";
		};
		E0E1E1532AE37DCA00FBD292 /* Products */ = {
			isa = PBXGroup;
			children = (
				E0E1E1522AE37DCA00FBD292 /* Apple Kits.app */,
			);
			name = Products;
			sourceTree = "<group>";
		};
		E0E1E1542AE37DCA00FBD292 /* Apple Kits */ = {
			isa = PBXGroup;
			children = (
				E0E1E1552AE37DCA00FBD292 /* Apple_KitsApp.swift */,
				E0E1E1672AE384D300FBD292 /* FrameworkGridView.swift */,
				E0E1E16B2AE38BF100FBD292 /* FrameworkDetailView.swift */,
				E0E1E16F2AE3916F00FBD292 /* FrameworkGridViewModel.swift */,
				E0E1E1632AE3829900FBD292 /* Framework.swift */,
				E0E1E16D2AE38E0000FBD292 /* AFButton.swift */,
				E0E1E1592AE37DCB00FBD292 /* Assets.xcassets */,
				E0E1E15B2AE37DCB00FBD292 /* Preview Content */,
			);
			path = "Apple Kits";
			sourceTree = "<group>";
		};
		E0E1E15B2AE37DCB00FBD292 /* Preview Content */ = {
			isa = PBXGroup;
			children = (
				E0E1E15C2AE37DCB00FBD292 /* Preview Assets.xcassets */,
			);
			path = "Preview Content";
			sourceTree = "<group>";
		};
/* End PBXGroup section */

/* Begin PBXNativeTarget section */
		E0E1E1512AE37DCA00FBD292 /* Apple Kits */ = {
			isa = PBXNativeTarget;
			buildConfigurationList = E0E1E1602AE37DCB00FBD292 /* Build configuration list for PBXNativeTarget "Apple Kits" */;
			buildPhases = (
				E0E1E14E2AE37DCA00FBD292 /* Sources */,
				E0E1E14F2AE37DCA00FBD292 /* Frameworks */,
				E0E1E1502AE37DCA00FBD292 /* Resources */,
			);
			buildRules = (
			);
			dependencies = (
			);
			name = "Apple Kits";
			productName = "Apple Kits";
			productReference = E0E1E1522AE37DCA00FBD292 /* Apple Kits.app */;
			productType = "com.apple.product-type.application";
		};
/* End PBXNativeTarget section */

/* Begin PBXProject section */
		E0E1E14A2AE37DCA00FBD292 /* Project object */ = {
			isa = PBXProject;
			attributes = {
				BuildIndependentTargetsInParallel = 1;
				LastSwiftUpdateCheck = 1500;
				LastUpgradeCheck = 1500;
				TargetAttributes = {
					E0E1E1512AE37DCA00FBD292 = {
						CreatedOnToolsVersion = 15.0.1;
					};
				};
			};
			buildConfigurationList = E0E1E14D2AE37DCA00FBD292 /* Build configuration list for PBXProject "Apple Kits" */;
			compatibilityVersion = "Xcode 14.0";
			developmentRegion = en;
			hasScannedForEncodings = 0;
			knownRegions = (
				en,
				Base,
			);
			mainGroup = E0E1E1492AE37DCA00FBD292;
			productRefGroup = E0E1E1532AE37DCA00FBD292 /* Products */;
			projectDirPath = "";
			projectRoot = "";
			targets = (
				E0E1E1512AE37DCA00FBD292 /* Apple Kits */,
			);
		};
/* End PBXProject section */

/* Begin PBXResourcesBuildPhase section */
		E0E1E1502AE37DCA00FBD292 /* Resources */ = {
			isa = PBXResourcesBuildPhase;
			buildActionMask = 2147483647;
			files = (
				E0E1E15D2AE37DCB00FBD292 /* Preview Assets.xcassets in Resources */,
				E0E1E15A2AE37DCB00FBD292 /* Assets.xcassets in Resources */,
			);
			runOnlyForDeploymentPostprocessing = 0;
		};
/* End PBXResourcesBuildPhase section */

/* Begin PBXSourcesBuildPhase section */
		E0E1E14E2AE37DCA00FBD292 /* Sources */ = {
			isa = PBXSourcesBuildPhase;
			buildActionMask = 2147483647;
			files = (
				E0E1E16C2AE38BF100FBD292 /* FrameworkDetailView.swift in Sources */,
				E0E1E1682AE384D300FBD292 /* FrameworkGridView.swift in Sources */,
				E0E1E1642AE3829900FBD292 /* Framework.swift in Sources */,
				E0E1E16E2AE38E0000FBD292 /* AFButton.swift in Sources */,
				E0E1E1562AE37DCA00FBD292 /* Apple_KitsApp.swift in Sources */,
				E0E1E1702AE3916F00FBD292 /* FrameworkGridViewModel.swift in Sources */,
			);
			runOnlyForDeploymentPostprocessing = 0;
		};
/* End PBXSourcesBuildPhase section */

/* Begin XCBuildConfiguration section */
		E0E1E15E2AE37DCB00FBD292 /* Debug */ = {
			isa = XCBuildConfiguration;
			buildSettings = {
				ALWAYS_SEARCH_USER_PATHS = NO;
				ASSETCATALOG_COMPILER_GENERATE_SWIFT_ASSET_SYMBOL_EXTENSIONS = YES;
				CLANG_ANALYZER_NONNULL = YES;
				CLANG_ANALYZER_NUMBER_OBJECT_CONVERSION = YES_AGGRESSIVE;
				CLANG_CXX_LANGUAGE_STANDARD = "gnu++20";
				CLANG_ENABLE_MODULES = YES;
				CLANG_ENABLE_OBJC_ARC = YES;
				CLANG_ENABLE_OBJC_WEAK = YES;
				CLANG_WARN_BLOCK_CAPTURE_AUTORELEASING = YES;
				CLANG_WARN_BOOL_CONVERSION = YES;
				CLANG_WARN_COMMA = YES;
				CLANG_WARN_CONSTANT_CONVERSION = YES;
				CLANG_WARN_DEPRECATED_OBJC_IMPLEMENTATIONS = YES;
				CLANG_WARN_DIRECT_OBJC_ISA_USAGE = YES_ERROR;
				CLANG_WARN_DOCUMENTATION_COMMENTS = YES;
				CLANG_WARN_EMPTY_BODY = YES;
				CLANG_WARN_ENUM_CONVERSION = YES;
				CLANG_WARN_INFINITE_RECURSION = YES;
				CLANG_WARN_INT_CONVERSION = YES;
				CLANG_WARN_NON_LITERAL_NULL_CONVERSION = YES;
				CLANG_WARN_OBJC_IMPLICIT_RETAIN_SELF = YES;
				CLANG_WARN_OBJC_LITERAL_CONVERSION = YES;
				CLANG_WARN_OBJC_ROOT_CLASS = YES_ERROR;
				CLANG_WARN_QUOTED_INCLUDE_IN_FRAMEWORK_HEADER = YES;
				CLANG_WARN_RANGE_LOOP_ANALYSIS = YES;
				CLANG_WARN_STRICT_PROTOTYPES = YES;
				CLANG_WARN_SUSPICIOUS_MOVE = YES;
				CLANG_WARN_UNGUARDED_AVAILABILITY = YES_AGGRESSIVE;
				CLANG_WARN_UNREACHABLE_CODE = YES;
				CLANG_WARN__DUPLICATE_METHOD_MATCH = YES;
				COPY_PHASE_STRIP = NO;
				DEBUG_INFORMATION_FORMAT = dwarf;
				ENABLE_STRICT_OBJC_MSGSEND = YES;
				ENABLE_TESTABILITY = YES;
				ENABLE_USER_SCRIPT_SANDBOXING = YES;
				GCC_C_LANGUAGE_STANDARD = gnu17;
				GCC_DYNAMIC_NO_PIC = NO;
				GCC_NO_COMMON_BLOCKS = YES;
				GCC_OPTIMIZATION_LEVEL = 0;
				GCC_PREPROCESSOR_DEFINITIONS = (
					"DEBUG=1",
					"$(inherited)",
				);
				GCC_WARN_64_TO_32_BIT_CONVERSION = YES;
				GCC_WARN_ABOUT_RETURN_TYPE = YES_ERROR;
				GCC_WARN_UNDECLARED_SELECTOR = YES;
				GCC_WARN_UNINITIALIZED_AUTOS = YES_AGGRESSIVE;
				GCC_WARN_UNUSED_FUNCTION = YES;
				GCC_WARN_UNUSED_VARIABLE = YES;
				IPHONEOS_DEPLOYMENT_TARGET = 17.0;
				LOCALIZATION_PREFERS_STRING_CATALOGS = YES;
				MTL_ENABLE_DEBUG_INFO = INCLUDE_SOURCE;
				MTL_FAST_MATH = YES;
				ONLY_ACTIVE_ARCH = YES;
				SDKROOT = iphoneos;
				SWIFT_ACTIVE_COMPILATION_CONDITIONS = "DEBUG $(inherited)";
				SWIFT_OPTIMIZATION_LEVEL = "-Onone";
			};
			name = Debug;
		};
		E0E1E15F2AE37DCB00FBD292 /* Release */ = {
			isa = XCBuildConfiguration;
			buildSettings = {
				ALWAYS_SEARCH_USER_PATHS = NO;
				ASSETCATALOG_COMPILER_GENERATE_SWIFT_ASSET_SYMBOL_EXTENSIONS = YES;
				CLANG_ANALYZER_NONNULL = YES;
				CLANG_ANALYZER_NUMBER_OBJECT_CONVERSION = YES_AGGRESSIVE;
				CLANG_CXX_LANGUAGE_STANDARD = "gnu++20";
				CLANG_ENABLE_MODULES = YES;
				CLANG_ENABLE_OBJC_ARC = YES;
				CLANG_ENABLE_OBJC_WEAK = YES;
				CLANG_WARN_BLOCK_CAPTURE_AUTORELEASING = YES;
				CLANG_WARN_BOOL_CONVERSION = YES;
				CLANG_WARN_COMMA = YES;
				CLANG_WARN_CONSTANT_CONVERSION = YES;
				CLANG_WARN_DEPRECATED_OBJC_IMPLEMENTATIONS = YES;
				CLANG_WARN_DIRECT_OBJC_ISA_USAGE = YES_ERROR;
				CLANG_WARN_DOCUMENTATION_COMMENTS = YES;
				CLANG_WARN_EMPTY_BODY = YES;
				CLANG_WARN_ENUM_CONVERSION = YES;
				CLANG_WARN_INFINITE_RECURSION = YES;
				CLANG_WARN_INT_CONVERSION = YES;
				CLANG_WARN_NON_LITERAL_NULL_CONVERSION = YES;
				CLANG_WARN_OBJC_IMPLICIT_RETAIN_SELF = YES;
				CLANG_WARN_OBJC_LITERAL_CONVERSION = YES;
				CLANG_WARN_OBJC_ROOT_CLASS = YES_ERROR;
				CLANG_WARN_QUOTED_INCLUDE_IN_FRAMEWORK_HEADER = YES;
				CLANG_WARN_RANGE_LOOP_ANALYSIS = YES;
				CLANG_WARN_STRICT_PROTOTYPES = YES;
				CLANG_WARN_SUSPICIOUS_MOVE = YES;
				CLANG_WARN_UNGUARDED_AVAILABILITY = YES_AGGRESSIVE;
				CLANG_WARN_UNREACHABLE_CODE = YES;
				CLANG_WARN__DUPLICATE_METHOD_MATCH = YES;
				COPY_PHASE_STRIP = NO;
				DEBUG_INFORMATION_FORMAT = "dwarf-with-dsym";
				ENABLE_NS_ASSERTIONS = NO;
				ENABLE_STRICT_OBJC_MSGSEND = YES;
				ENABLE_USER_SCRIPT_SANDBOXING = YES;
				GCC_C_LANGUAGE_STANDARD = gnu17;
				GCC_NO_COMMON_BLOCKS = YES;
				GCC_WARN_64_TO_32_BIT_CONVERSION = YES;
				GCC_WARN_ABOUT_RETURN_TYPE = YES_ERROR;
				GCC_WARN_UNDECLARED_SELECTOR = YES;
				GCC_WARN_UNINITIALIZED_AUTOS = YES_AGGRESSIVE;
				GCC_WARN_UNUSED_FUNCTION = YES;
				GCC_WARN_UNUSED_VARIABLE = YES;
				IPHONEOS_DEPLOYMENT_TARGET = 17.0;
				LOCALIZATION_PREFERS_STRING_CATALOGS = YES;
				MTL_ENABLE_DEBUG_INFO = NO;
				MTL_FAST_MATH = YES;
				SDKROOT = iphoneos;
				SWIFT_COMPILATION_MODE = wholemodule;
				VALIDATE_PRODUCT = YES;
			};
			name = Release;
		};
		E0E1E1612AE37DCB00FBD292 /* Debug */ = {
			isa = XCBuildConfiguration;
			buildSettings = {
				ASSETCATALOG_COMPILER_APPICON_NAME = AppIcon;
				ASSETCATALOG_COMPILER_GLOBAL_ACCENT_COLOR_NAME = AccentColor;
				CODE_SIGN_STYLE = Automatic;
				CURRENT_PROJECT_VERSION = 1;
				DEVELOPMENT_ASSET_PATHS = "\"Apple Kits/Preview Content\"";
				DEVELOPMENT_TEAM = 45Q8TNKQYH;
				ENABLE_PREVIEWS = YES;
				GENERATE_INFOPLIST_FILE = YES;
				INFOPLIST_KEY_UIApplicationSceneManifest_Generation = YES;
				INFOPLIST_KEY_UIApplicationSupportsIndirectInputEvents = YES;
				INFOPLIST_KEY_UILaunchScreen_Generation = YES;
				INFOPLIST_KEY_UISupportedInterfaceOrientations_iPad = "UIInterfaceOrientationPortrait UIInterfaceOrientationPortraitUpsideDown UIInterfaceOrientationLandscapeLeft UIInterfaceOrientationLandscapeRight";
				INFOPLIST_KEY_UISupportedInterfaceOrientations_iPhone = "UIInterfaceOrientationPortrait UIInterfaceOrientationLandscapeLeft UIInterfaceOrientationLandscapeRight";
				LD_RUNPATH_SEARCH_PATHS = (
					"$(inherited)",
					"@executable_path/Frameworks",
				);
				MARKETING_VERSION = 1.0;
				PRODUCT_BUNDLE_IDENTIFIER = "me.viralparmar.Apple-Kits";
				PRODUCT_NAME = "$(TARGET_NAME)";
				SWIFT_EMIT_LOC_STRINGS = YES;
				SWIFT_VERSION = 5.0;
				TARGETED_DEVICE_FAMILY = "1,2";
			};
			name = Debug;
		};
		E0E1E1622AE37DCB00FBD292 /* Release */ = {
			isa = XCBuildConfiguration;
			buildSettings = {
				ASSETCATALOG_COMPILER_APPICON_NAME = AppIcon;
				ASSETCATALOG_COMPILER_GLOBAL_ACCENT_COLOR_NAME = AccentColor;
				CODE_SIGN_STYLE = Automatic;
				CURRENT_PROJECT_VERSION = 1;
				DEVELOPMENT_ASSET_PATHS = "\"Apple Kits/Preview Content\"";
				DEVELOPMENT_TEAM = 45Q8TNKQYH;
				ENABLE_PREVIEWS = YES;
				GENERATE_INFOPLIST_FILE = YES;
				INFOPLIST_KEY_UIApplicationSceneManifest_Generation = YES;
				INFOPLIST_KEY_UIApplicationSupportsIndirectInputEvents = YES;
				INFOPLIST_KEY_UILaunchScreen_Generation = YES;
				INFOPLIST_KEY_UISupportedInterfaceOrientations_iPad = "UIInterfaceOrientationPortrait UIInterfaceOrientationPortraitUpsideDown UIInterfaceOrientationLandscapeLeft UIInterfaceOrientationLandscapeRight";
				INFOPLIST_KEY_UISupportedInterfaceOrientations_iPhone = "UIInterfaceOrientationPortrait UIInterfaceOrientationLandscapeLeft UIInterfaceOrientationLandscapeRight";
				LD_RUNPATH_SEARCH_PATHS = (
					"$(inherited)",
					"@executable_path/Frameworks",
				);
				MARKETING_VERSION = 1.0;
				PRODUCT_BUNDLE_IDENTIFIER = "me.viralparmar.Apple-Kits";
				PRODUCT_NAME = "$(TARGET_NAME)";
				SWIFT_EMIT_LOC_STRINGS = YES;
				SWIFT_VERSION = 5.0;
				TARGETED_DEVICE_FAMILY = "1,2";
			};
			name = Release;
		};
/* End XCBuildConfiguration section */

/* Begin XCConfigurationList section */
		E0E1E14D2AE37DCA00FBD292 /* Build configuration list for PBXProject "Apple Kits" */ = {
			isa = XCConfigurationList;
			buildConfigurations = (
				E0E1E15E2AE37DCB00FBD292 /* Debug */,
				E0E1E15F2AE37DCB00FBD292 /* Release */,
			);
			defaultConfigurationIsVisible = 0;
			defaultConfigurationName = Release;
		};
		E0E1E1602AE37DCB00FBD292 /* Build configuration list for PBXNativeTarget "Apple Kits" */ = {
			isa = XCConfigurationList;
			buildConfigurations = (
				E0E1E1612AE37DCB00FBD292 /* Debug */,
				E0E1E1622AE37DCB00FBD292 /* Release */,
			);
			defaultConfigurationIsVisible = 0;
			defaultConfigurationName = Release;
		};
/* End XCConfigurationList section */
	};
	rootObject = E0E1E14A2AE37DCA00FBD292 /* Project object */;
}
